%{
  "castore": {:hex, :castore, "1.0.12", "053f0e32700cbec356280c0e835df425a3be4bc1e0627b714330ad9d0f05497f", [:mix], [], "hexpm", "3dca286b2186055ba0c9449b4e95b97bf1b57b47c1f2644555879e659960c224"},
  "certifi": {:hex, :certifi, "2.14.0", "ed3bef654e69cde5e6c022df8070a579a79e8ba2368a00acf3d75b82d9aceeed", [:rebar3], [], "hexpm", "ea59d87ef89da429b8e905264fdec3419f84f2215bb3d81e07a18aac919026c3"},
  "combine": {:hex, :combine, "0.10.0", "eff8224eeb56498a2af13011d142c5e7997a80c8f5b97c499f84c841032e429f", [:mix], [], "hexpm", "1b1dbc1790073076580d0d1d64e42eae2366583e7aecd455d1215b0d16f2451b"},
  "crontab": {:hex, :crontab, "1.1.14", "233fcfdc2c74510cabdbcb800626babef414e7cb13cea11ddf62e10e16e2bf76", [:mix], [{:ecto, "~> 1.0 or ~> 2.0 or ~> 3.0", [hex: :ecto, repo: "hexpm", optional: true]}], "hexpm", "4e3b9950bc22ae8d0395ffb5f4b127a140005cba95745abf5ff9ee7e8203c6fa"},
  "expo": {:hex, :expo, "1.1.0", "f7b9ed7fb5745ebe1eeedf3d6f29226c5dd52897ac67c0f8af62a07e661e5c75", [:mix], [], "hexpm", "fbadf93f4700fb44c331362177bdca9eeb8097e8b0ef525c9cc501cb9917c960"},
  "gen_stage": {:hex, :gen_stage, "1.2.1", "19d8b5e9a5996d813b8245338a28246307fd8b9c99d1237de199d21efc4c76a1", [:mix], [], "hexpm", "83e8be657fa05b992ffa6ac1e3af6d57aa50aace8f691fcf696ff02f8335b001"},
  "gettext": {:hex, :gettext, "0.26.2", "5978aa7b21fada6deabf1f6341ddba50bc69c999e812211903b169799208f2a8", [:mix], [{:expo, "~> 0.5.1 or ~> 1.0", [hex: :expo, repo: "hexpm", optional: false]}], "hexpm", "aa978504bcf76511efdc22d580ba08e2279caab1066b76bb9aa81c4a1e0a32a5"},
  "hackney": {:hex, :hackney, "1.23.0", "55cc09077112bcb4a69e54be46ed9bc55537763a96cd4a80a221663a7eafd767", [:rebar3], [{:certifi, "~> 2.14.0", [hex: :certifi, repo: "hexpm", optional: false]}, {:idna, "~> 6.1.0", [hex: :idna, repo: "hexpm", optional: false]}, {:metrics, "~> 1.0.0", [hex: :metrics, repo: "hexpm", optional: false]}, {:mimerl, "~> 1.1", [hex: :mimerl, repo: "hexpm", optional: false]}, {:parse_trans, "3.4.1", [hex: :parse_trans, repo: "hexpm", optional: false]}, {:ssl_verify_fun, "~> 1.1.0", [hex: :ssl_verify_fun, repo: "hexpm", optional: false]}, {:unicode_util_compat, "~> 0.7.0", [hex: :unicode_util_compat, repo: "hexpm", optional: false]}], "hexpm", "6cd1c04cd15c81e5a493f167b226a15f0938a84fc8f0736ebe4ddcab65c0b44e"},
  "idna": {:hex, :idna, "6.1.1", "8a63070e9f7d0c62eb9d9fcb360a7de382448200fbbd1b106cc96d3d8099df8d", [:rebar3], [{:unicode_util_compat, "~> 0.7.0", [hex: :unicode_util_compat, repo: "hexpm", optional: false]}], "hexpm", "92376eb7894412ed19ac475e4a86f7b413c1b9fbb5bd16dccd57934157944cea"},
  "jason": {:hex, :jason, "1.4.4", "b9226785a9aa77b6857ca22832cffa5d5011a667207eb2a0ad56adb5db443b8a", [:mix], [{:decimal, "~> 1.0 or ~> 2.0", [hex: :decimal, repo: "hexpm", optional: true]}], "hexpm", "c5eb0cab91f094599f94d55bc63409236a8ec69a21a67814529e8d5f6cc90b3b"},
  "libcluster": {:hex, :libcluster, "3.5.0", "5ee4cfde4bdf32b2fef271e33ce3241e89509f4344f6c6a8d4069937484866ba", [:mix], [{:jason, "~> 1.1", [hex: :jason, repo: "hexpm", optional: false]}, {:telemetry, "~> 1.3", [hex: :telemetry, repo: "hexpm", optional: false]}], "hexpm", "ebf6561fcedd765a4cd43b4b8c04b1c87f4177b5fb3cbdfe40a780499d72f743"},
  "metrics": {:hex, :metrics, "1.0.1", "25f094dea2cda98213cecc3aeff09e940299d950904393b2a29d191c346a8486", [:rebar3], [], "hexpm", "69b09adddc4f74a40716ae54d140f93beb0fb8978d8636eaded0c31b6f099f16"},
  "mimerl": {:hex, :mimerl, "1.3.0", "d0cd9fc04b9061f82490f6581e0128379830e78535e017f7780f37fea7545726", [:rebar3], [], "hexpm", "a1e15a50d1887217de95f0b9b0793e32853f7c258a5cd227650889b38839fe9d"},
  "nimble_options": {:hex, :nimble_options, "1.1.1", "e3a492d54d85fc3fd7c5baf411d9d2852922f66e69476317787a7b2bb000a61b", [:mix], [], "hexpm", "821b2470ca9442c4b6984882fe9bb0389371b8ddec4d45a9504f00a66f650b44"},
  "parse_trans": {:hex, :parse_trans, "3.4.1", "6e6aa8167cb44cc8f39441d05193be6e6f4e7c2946cb2759f015f8c56b76e5ff", [:rebar3], [], "hexpm", "620a406ce75dada827b82e453c19cf06776be266f5a67cff34e1ef2cbb60e49a"},
  "quantum": {:hex, :quantum, "3.5.3", "ee38838a07761663468145f489ad93e16a79440bebd7c0f90dc1ec9850776d99", [:mix], [{:crontab, "~> 1.1", [hex: :crontab, repo: "hexpm", optional: false]}, {:gen_stage, "~> 0.14 or ~> 1.0", [hex: :gen_stage, repo: "hexpm", optional: false]}, {:telemetry, "~> 0.4.3 or ~> 1.0", [hex: :telemetry, repo: "hexpm", optional: false]}, {:telemetry_registry, "~> 0.2", [hex: :telemetry_registry, repo: "hexpm", optional: false]}], "hexpm", "500fd3fa77dcd723ed9f766d4a175b684919ff7b6b8cfd9d7d0564d58eba8734"},
  "quantum_storage_redis": {:git, "https://github.com/senconscious/quantum_storage_redis", "09466f0b6cb220fb03ca08808f9e2f607bb267e1", [branch: "main"]},
  "redis_mutex": {:hex, :redis_mutex, "1.1.0", "45212d08cb2cd850944b60b32e14961b9ef99df52db34963d165bcf65c5ad8f3", [:mix], [{:redix, "~> 1.2", [hex: :redix, repo: "hexpm", optional: false]}, {:uniq, "~> 0.6", [hex: :uniq, repo: "hexpm", optional: false]}], "hexpm", "140fc343ec0697f210234864bcaaa74a8cf8868fb43bc06eb70f98227a70b879"},
  "redix": {:hex, :redix, "1.5.2", "ab854435a663f01ce7b7847f42f5da067eea7a3a10c0a9d560fa52038fd7ab48", [:mix], [{:castore, "~> 0.1.0 or ~> 1.0", [hex: :castore, repo: "hexpm", optional: true]}, {:nimble_options, "~> 0.5.0 or ~> 1.0", [hex: :nimble_options, repo: "hexpm", optional: false]}, {:telemetry, "~> 0.4.0 or ~> 1.0", [hex: :telemetry, repo: "hexpm", optional: false]}], "hexpm", "78538d184231a5d6912f20567d76a49d1be7d3fca0e1aaaa20f4df8e1142dcb8"},
  "ssl_verify_fun": {:hex, :ssl_verify_fun, "1.1.7", "354c321cf377240c7b8716899e182ce4890c5938111a1296add3ec74cf1715df", [:make, :mix, :rebar3], [], "hexpm", "fe4c190e8f37401d30167c8c405eda19469f34577987c76dde613e838bbc67f8"},
  "telemetry": {:hex, :telemetry, "1.3.0", "fedebbae410d715cf8e7062c96a1ef32ec22e764197f70cda73d82778d61e7a2", [:rebar3], [], "hexpm", "7015fc8919dbe63764f4b4b87a95b7c0996bd539e0d499be6ec9d7f3875b79e6"},
  "telemetry_registry": {:hex, :telemetry_registry, "0.3.2", "701576890320be6428189bff963e865e8f23e0ff3615eade8f78662be0fc003c", [:mix, :rebar3], [{:telemetry, "~> 1.0", [hex: :telemetry, repo: "hexpm", optional: false]}], "hexpm", "e7ed191eb1d115a3034af8e1e35e4e63d5348851d556646d46ca3d1b4e16bab9"},
  "timex": {:hex, :timex, "3.7.11", "bb95cb4eb1d06e27346325de506bcc6c30f9c6dea40d1ebe390b262fad1862d1", [:mix], [{:combine, "~> 0.10", [hex: :combine, repo: "hexpm", optional: false]}, {:gettext, "~> 0.20", [hex: :gettext, repo: "hexpm", optional: false]}, {:tzdata, "~> 1.1", [hex: :tzdata, repo: "hexpm", optional: false]}], "hexpm", "8b9024f7efbabaf9bd7aa04f65cf8dcd7c9818ca5737677c7b76acbc6a94d1aa"},
  "tzdata": {:hex, :tzdata, "1.1.3", "b1cef7bb6de1de90d4ddc25d33892b32830f907e7fc2fccd1e7e22778ab7dfbc", [:mix], [{:hackney, "~> 1.17", [hex: :hackney, repo: "hexpm", optional: false]}], "hexpm", "d4ca85575a064d29d4e94253ee95912edfb165938743dbf002acdf0dcecb0c28"},
  "unicode_util_compat": {:hex, :unicode_util_compat, "0.7.0", "bc84380c9ab48177092f43ac89e4dfa2c6d62b40b8bd132b1059ecc7232f9a78", [:rebar3], [], "hexpm", "25eee6d67df61960cf6a794239566599b09e17e668d3700247bc498638152521"},
  "uniq": {:hex, :uniq, "0.6.1", "369660ecbc19051be526df3aa85dc393af5f61f45209bce2fa6d7adb051ae03c", [:mix], [{:ecto, "~> 3.0", [hex: :ecto, repo: "hexpm", optional: true]}], "hexpm", "6426c34d677054b3056947125b22e0daafd10367b85f349e24ac60f44effb916"},
}
